// !$*UTF8*$!
{
	archiveVersion = 1;
	classes = {
	};
	objectVersion = 46;
	objects = {

/* Begin PBXBuildFile section */
		4D2C18A81C12911500C37D79 /* AppDelegate.swift in Sources */ = {isa = PBXBuildFile; fileRef = 4D2C18A71C12911500C37D79 /* AppDelegate.swift */; };
		4D2C18AA1C12911500C37D79 /* ViewController.swift in Sources */ = {isa = PBXBuildFile; fileRef = 4D2C18A91C12911500C37D79 /* ViewController.swift */; };
		4D2C18AD1C12911500C37D79 /* Main.storyboard in Resources */ = {isa = PBXBuildFile; fileRef = 4D2C18AB1C12911500C37D79 /* Main.storyboard */; };
		4D2C18AF1C12911500C37D79 /* Assets.xcassets in Resources */ = {isa = PBXBuildFile; fileRef = 4D2C18AE1C12911500C37D79 /* Assets.xcassets */; };
		4D2C18B21C12911500C37D79 /* LaunchScreen.storyboard in Resources */ = {isa = PBXBuildFile; fileRef = 4D2C18B01C12911500C37D79 /* LaunchScreen.storyboard */; };
		4D2C18B71C12911500C37D79 /* Heartbeat WatchKit App.app in Embed Watch Content */ = {isa = PBXBuildFile; fileRef = 4D2C18B61C12911500C37D79 /* Heartbeat WatchKit App.app */; };
		4D2C18BD1C12911500C37D79 /* Interface.storyboard in Resources */ = {isa = PBXBuildFile; fileRef = 4D2C18BB1C12911500C37D79 /* Interface.storyboard */; };
		4D2C18BF1C12911500C37D79 /* Assets.xcassets in Resources */ = {isa = PBXBuildFile; fileRef = 4D2C18BE1C12911500C37D79 /* Assets.xcassets */; };
		4D2C18C61C12911500C37D79 /* Heartbeat WatchKit Extension.appex in Embed App Extensions */ = {isa = PBXBuildFile; fileRef = 4D2C18C51C12911500C37D79 /* Heartbeat WatchKit Extension.appex */; settings = {ATTRIBUTES = (RemoveHeadersOnCopy, ); }; };
		4D2C18CB1C12911500C37D79 /* InterfaceController.swift in Sources */ = {isa = PBXBuildFile; fileRef = 4D2C18CA1C12911500C37D79 /* InterfaceController.swift */; };
		4D2C18CD1C12911500C37D79 /* ExtensionDelegate.swift in Sources */ = {isa = PBXBuildFile; fileRef = 4D2C18CC1C12911500C37D79 /* ExtensionDelegate.swift */; };
		4D2C18CF1C12911500C37D79 /* Assets.xcassets in Resources */ = {isa = PBXBuildFile; fileRef = 4D2C18CE1C12911500C37D79 /* Assets.xcassets */; };
		4D2C18E01C1292EA00C37D79 /* HealthKit.framework in Frameworks */ = {isa = PBXBuildFile; fileRef = 4D2C18DF1C1292EA00C37D79 /* HealthKit.framework */; };
/* End PBXBuildFile section */

/* Begin PBXContainerItemProxy section */
		4D2C18B81C12911500C37D79 /* PBXContainerItemProxy */ = {
			isa = PBXContainerItemProxy;
			containerPortal = 4D2C189C1C12911500C37D79 /* Project object */;
			proxyType = 1;
			remoteGlobalIDString = 4D2C18B51C12911500C37D79;
			remoteInfo = "Heartbeat WatchKit App";
		};
		4D2C18C71C12911500C37D79 /* PBXContainerItemProxy */ = {
			isa = PBXContainerItemProxy;
			containerPortal = 4D2C189C1C12911500C37D79 /* Project object */;
			proxyType = 1;
			remoteGlobalIDString = 4D2C18C41C12911500C37D79;
			remoteInfo = "Heartbeat WatchKit Extension";
		};
/* End PBXContainerItemProxy section */

/* Begin PBXCopyFilesBuildPhase section */
		4D2C18D61C12911500C37D79 /* Embed App Extensions */ = {
			isa = PBXCopyFilesBuildPhase;
			buildActionMask = 2147483647;
			dstPath = "";
			dstSubfolderSpec = 13;
			files = (
				4D2C18C61C12911500C37D79 /* Heartbeat WatchKit Extension.appex in Embed App Extensions */,
			);
			name = "Embed App Extensions";
			runOnlyForDeploymentPostprocessing = 0;
		};
		4D2C18DA1C12911500C37D79 /* Embed Watch Content */ = {
			isa = PBXCopyFilesBuildPhase;
			buildActionMask = 2147483647;
			dstPath = "$(CONTENTS_FOLDER_PATH)/Watch";
			dstSubfolderSpec = 16;
			files = (
				4D2C18B71C12911500C37D79 /* Heartbeat WatchKit App.app in Embed Watch Content */,
			);
			name = "Embed Watch Content";
			runOnlyForDeploymentPostprocessing = 0;
		};
/* End PBXCopyFilesBuildPhase section */

/* Begin PBXFileReference section */
		4D2C18A41C12911500C37D79 /* Heartbeat.app */ = {isa = PBXFileReference; explicitFileType = wrapper.application; includeInIndex = 0; path = Heartbeat.app; sourceTree = BUILT_PRODUCTS_DIR; };
		4D2C18A71C12911500C37D79 /* AppDelegate.swift */ = {isa = PBXFileReference; lastKnownFileType = sourcecode.swift; path = AppDelegate.swift; sourceTree = "<group>"; };
		4D2C18A91C12911500C37D79 /* ViewController.swift */ = {isa = PBXFileReference; lastKnownFileType = sourcecode.swift; path = ViewController.swift; sourceTree = "<group>"; };
		4D2C18AC1C12911500C37D79 /* Base */ = {isa = PBXFileReference; lastKnownFileType = file.storyboard; name = Base; path = Base.lproj/Main.storyboard; sourceTree = "<group>"; };
		4D2C18AE1C12911500C37D79 /* Assets.xcassets */ = {isa = PBXFileReference; lastKnownFileType = folder.assetcatalog; path = Assets.xcassets; sourceTree = "<group>"; };
		4D2C18B11C12911500C37D79 /* Base */ = {isa = PBXFileReference; lastKnownFileType = file.storyboard; name = Base; path = Base.lproj/LaunchScreen.storyboard; sourceTree = "<group>"; };
		4D2C18B31C12911500C37D79 /* Info.plist */ = {isa = PBXFileReference; lastKnownFileType = text.plist.xml; path = Info.plist; sourceTree = "<group>"; };
		4D2C18B61C12911500C37D79 /* Heartbeat WatchKit App.app */ = {isa = PBXFileReference; explicitFileType = wrapper.application; includeInIndex = 0; path = "Heartbeat WatchKit App.app"; sourceTree = BUILT_PRODUCTS_DIR; };
		4D2C18BC1C12911500C37D79 /* Base */ = {isa = PBXFileReference; lastKnownFileType = file.storyboard; name = Base; path = Base.lproj/Interface.storyboard; sourceTree = "<group>"; };
		4D2C18BE1C12911500C37D79 /* Assets.xcassets */ = {isa = PBXFileReference; lastKnownFileType = folder.assetcatalog; path = Assets.xcassets; sourceTree = "<group>"; };
		4D2C18C01C12911500C37D79 /* Info.plist */ = {isa = PBXFileReference; lastKnownFileType = text.plist.xml; path = Info.plist; sourceTree = "<group>"; };
		4D2C18C51C12911500C37D79 /* Heartbeat WatchKit Extension.appex */ = {isa = PBXFileReference; explicitFileType = "wrapper.app-extension"; includeInIndex = 0; path = "Heartbeat WatchKit Extension.appex"; sourceTree = BUILT_PRODUCTS_DIR; };
		4D2C18CA1C12911500C37D79 /* InterfaceController.swift */ = {isa = PBXFileReference; lastKnownFileType = sourcecode.swift; path = InterfaceController.swift; sourceTree = "<group>"; };
		4D2C18CC1C12911500C37D79 /* ExtensionDelegate.swift */ = {isa = PBXFileReference; lastKnownFileType = sourcecode.swift; path = ExtensionDelegate.swift; sourceTree = "<group>"; };
		4D2C18CE1C12911500C37D79 /* Assets.xcassets */ = {isa = PBXFileReference; lastKnownFileType = folder.assetcatalog; path = Assets.xcassets; sourceTree = "<group>"; };
		4D2C18D01C12911500C37D79 /* Info.plist */ = {isa = PBXFileReference; lastKnownFileType = text.plist.xml; path = Info.plist; sourceTree = "<group>"; };
		4D2C18DE1C1292EA00C37D79 /* Heartbeat WatchKit Extension.entitlements */ = {isa = PBXFileReference; lastKnownFileType = text.xml; path = "Heartbeat WatchKit Extension.entitlements"; sourceTree = "<group>"; };
		4D2C18DF1C1292EA00C37D79 /* HealthKit.framework */ = {isa = PBXFileReference; lastKnownFileType = wrapper.framework; name = HealthKit.framework; path = Platforms/WatchOS.platform/Developer/SDKs/WatchOS2.0.sdk/System/Library/Frameworks/HealthKit.framework; sourceTree = DEVELOPER_DIR; };
/* End PBXFileReference section */

/* Begin PBXFrameworksBuildPhase section */
		4D2C18A11C12911500C37D79 /* Frameworks */ = {
			isa = PBXFrameworksBuildPhase;
			buildActionMask = 2147483647;
			files = (
			);
			runOnlyForDeploymentPostprocessing = 0;
		};
		4D2C18C21C12911500C37D79 /* Frameworks */ = {
			isa = PBXFrameworksBuildPhase;
			buildActionMask = 2147483647;
			files = (
				4D2C18E01C1292EA00C37D79 /* HealthKit.framework in Frameworks */,
			);
			runOnlyForDeploymentPostprocessing = 0;
		};
/* End PBXFrameworksBuildPhase section */

/* Begin PBXGroup section */
		4D2C189B1C12911500C37D79 = {
			isa = PBXGroup;
			children = (
				4D2C18DF1C1292EA00C37D79 /* HealthKit.framework */,
				4D2C18A61C12911500C37D79 /* Heartbeat */,
				4D2C18BA1C12911500C37D79 /* Heartbeat WatchKit App */,
				4D2C18C91C12911500C37D79 /* Heartbeat WatchKit Extension */,
				4D2C18A51C12911500C37D79 /* Products */,
			);
			sourceTree = "<group>";
		};
		4D2C18A51C12911500C37D79 /* Products */ = {
			isa = PBXGroup;
			children = (
				4D2C18A41C12911500C37D79 /* Heartbeat.app */,
				4D2C18B61C12911500C37D79 /* Heartbeat WatchKit App.app */,
				4D2C18C51C12911500C37D79 /* Heartbeat WatchKit Extension.appex */,
			);
			name = Products;
			sourceTree = "<group>";
		};
		4D2C18A61C12911500C37D79 /* Heartbeat */ = {
			isa = PBXGroup;
			children = (
				4D2C18A71C12911500C37D79 /* AppDelegate.swift */,
				4D2C18A91C12911500C37D79 /* ViewController.swift */,
				4D2C18AB1C12911500C37D79 /* Main.storyboard */,
				4D2C18AE1C12911500C37D79 /* Assets.xcassets */,
				4D2C18B01C12911500C37D79 /* LaunchScreen.storyboard */,
				4D2C18B31C12911500C37D79 /* Info.plist */,
			);
			path = Heartbeat;
			sourceTree = "<group>";
		};
		4D2C18BA1C12911500C37D79 /* Heartbeat WatchKit App */ = {
			isa = PBXGroup;
			children = (
				4D2C18BB1C12911500C37D79 /* Interface.storyboard */,
				4D2C18BE1C12911500C37D79 /* Assets.xcassets */,
				4D2C18C01C12911500C37D79 /* Info.plist */,
			);
			path = "Heartbeat WatchKit App";
			sourceTree = "<group>";
		};
		4D2C18C91C12911500C37D79 /* Heartbeat WatchKit Extension */ = {
			isa = PBXGroup;
			children = (
				4D2C18DE1C1292EA00C37D79 /* Heartbeat WatchKit Extension.entitlements */,
				4D2C18CA1C12911500C37D79 /* InterfaceController.swift */,
				4D2C18CC1C12911500C37D79 /* ExtensionDelegate.swift */,
				4D2C18CE1C12911500C37D79 /* Assets.xcassets */,
				4D2C18D01C12911500C37D79 /* Info.plist */,
			);
			path = "Heartbeat WatchKit Extension";
			sourceTree = "<group>";
		};
/* End PBXGroup section */

/* Begin PBXNativeTarget section */
		4D2C18A31C12911500C37D79 /* Heartbeat */ = {
			isa = PBXNativeTarget;
			buildConfigurationList = 4D2C18DB1C12911500C37D79 /* Build configuration list for PBXNativeTarget "Heartbeat" */;
			buildPhases = (
				4D2C18A01C12911500C37D79 /* Sources */,
				4D2C18A11C12911500C37D79 /* Frameworks */,
				4D2C18A21C12911500C37D79 /* Resources */,
				4D2C18DA1C12911500C37D79 /* Embed Watch Content */,
			);
			buildRules = (
			);
			dependencies = (
				4D2C18B91C12911500C37D79 /* PBXTargetDependency */,
			);
			name = Heartbeat;
			productName = Heartbeat;
			productReference = 4D2C18A41C12911500C37D79 /* Heartbeat.app */;
			productType = "com.apple.product-type.application";
		};
		4D2C18B51C12911500C37D79 /* Heartbeat WatchKit App */ = {
			isa = PBXNativeTarget;
			buildConfigurationList = 4D2C18D71C12911500C37D79 /* Build configuration list for PBXNativeTarget "Heartbeat WatchKit App" */;
			buildPhases = (
				4D2C18B41C12911500C37D79 /* Resources */,
				4D2C18D61C12911500C37D79 /* Embed App Extensions */,
			);
			buildRules = (
			);
			dependencies = (
				4D2C18C81C12911500C37D79 /* PBXTargetDependency */,
			);
			name = "Heartbeat WatchKit App";
			productName = "Heartbeat WatchKit App";
			productReference = 4D2C18B61C12911500C37D79 /* Heartbeat WatchKit App.app */;
			productType = "com.apple.product-type.application.watchapp2";
		};
		4D2C18C41C12911500C37D79 /* Heartbeat WatchKit Extension */ = {
			isa = PBXNativeTarget;
			buildConfigurationList = 4D2C18D31C12911500C37D79 /* Build configuration list for PBXNativeTarget "Heartbeat WatchKit Extension" */;
			buildPhases = (
				4D2C18C11C12911500C37D79 /* Sources */,
				4D2C18C21C12911500C37D79 /* Frameworks */,
				4D2C18C31C12911500C37D79 /* Resources */,
			);
			buildRules = (
			);
			dependencies = (
			);
			name = "Heartbeat WatchKit Extension";
			productName = "Heartbeat WatchKit Extension";
			productReference = 4D2C18C51C12911500C37D79 /* Heartbeat WatchKit Extension.appex */;
			productType = "com.apple.product-type.watchkit2-extension";
		};
/* End PBXNativeTarget section */

/* Begin PBXProject section */
		4D2C189C1C12911500C37D79 /* Project object */ = {
			isa = PBXProject;
			attributes = {
				LastUpgradeCheck = 0700;
				ORGANIZATIONNAME = "Build watchOS Apps";
				TargetAttributes = {
					4D2C18A31C12911500C37D79 = {
						CreatedOnToolsVersion = 7.0.1;
					};
					4D2C18B51C12911500C37D79 = {
						CreatedOnToolsVersion = 7.0.1;
					};
					4D2C18C41C12911500C37D79 = {
						CreatedOnToolsVersion = 7.0.1;
						DevelopmentTeam = 26HRYTAS2C;
						SystemCapabilities = {
							com.apple.HealthKit = {
								enabled = 1;
							};
						};
					};
				};
			};
			buildConfigurationList = 4D2C189F1C12911500C37D79 /* Build configuration list for PBXProject "Heartbeat" */;
			compatibilityVersion = "Xcode 3.2";
			developmentRegion = English;
			hasScannedForEncodings = 0;
			knownRegions = (
				en,
				Base,
			);
			mainGroup = 4D2C189B1C12911500C37D79;
			productRefGroup = 4D2C18A51C12911500C37D79 /* Products */;
			projectDirPath = "";
			projectRoot = "";
			targets = (
				4D2C18A31C12911500C37D79 /* Heartbeat */,
				4D2C18B51C12911500C37D79 /* Heartbeat WatchKit App */,
				4D2C18C41C12911500C37D79 /* Heartbeat WatchKit Extension */,
			);
		};
/* End PBXProject section */

/* Begin PBXResourcesBuildPhase section */
		4D2C18A21C12911500C37D79 /* Resources */ = {
			isa = PBXResourcesBuildPhase;
			buildActionMask = 2147483647;
			files = (
				4D2C18B21C12911500C37D79 /* LaunchScreen.storyboard in Resources */,
				4D2C18AF1C12911500C37D79 /* Assets.xcassets in Resources */,
				4D2C18AD1C12911500C37D79 /* Main.storyboard in Resources */,
			);
			runOnlyForDeploymentPostprocessing = 0;
		};
		4D2C18B41C12911500C37D79 /* Resources */ = {
			isa = PBXResourcesBuildPhase;
			buildActionMask = 2147483647;
			files = (
				4D2C18BF1C12911500C37D79 /* Assets.xcassets in Resources */,
				4D2C18BD1C12911500C37D79 /* Interface.storyboard in Resources */,
			);
			runOnlyForDeploymentPostprocessing = 0;
		};
		4D2C18C31C12911500C37D79 /* Resources */ = {
			isa = PBXResourcesBuildPhase;
			buildActionMask = 2147483647;
			files = (
				4D2C18CF1C12911500C37D79 /* Assets.xcassets in Resources */,
			);
			runOnlyForDeploymentPostprocessing = 0;
		};
/* End PBXResourcesBuildPhase section */

/* Begin PBXSourcesBuildPhase section */
		4D2C18A01C12911500C37D79 /* Sources */ = {
			isa = PBXSourcesBuildPhase;
			buildActionMask = 2147483647;
			files = (
				4D2C18AA1C12911500C37D79 /* ViewController.swift in Sources */,
				4D2C18A81C12911500C37D79 /* AppDelegate.swift in Sources */,
			);
			runOnlyForDeploymentPostprocessing = 0;
		};
		4D2C18C11C12911500C37D79 /* Sources */ = {
			isa = PBXSourcesBuildPhase;
			buildActionMask = 2147483647;
			files = (
				4D2C18CD1C12911500C37D79 /* ExtensionDelegate.swift in Sources */,
				4D2C18CB1C12911500C37D79 /* InterfaceController.swift in Sources */,
			);
			runOnlyForDeploymentPostprocessing = 0;
		};
/* End PBXSourcesBuildPhase section */

/* Begin PBXTargetDependency section */
		4D2C18B91C12911500C37D79 /* PBXTargetDependency */ = {
			isa = PBXTargetDependency;
			target = 4D2C18B51C12911500C37D79 /* Heartbeat WatchKit App */;
			targetProxy = 4D2C18B81C12911500C37D79 /* PBXContainerItemProxy */;
		};
		4D2C18C81C12911500C37D79 /* PBXTargetDependency */ = {
			isa = PBXTargetDependency;
			target = 4D2C18C41C12911500C37D79 /* Heartbeat WatchKit Extension */;
			targetProxy = 4D2C18C71C12911500C37D79 /* PBXContainerItemProxy */;
		};
/* End PBXTargetDependency section */

/* Begin PBXVariantGroup section */
		4D2C18AB1C12911500C37D79 /* Main.storyboard */ = {
			isa = PBXVariantGroup;
			children = (
				4D2C18AC1C12911500C37D79 /* Base */,
			);
			name = Main.storyboard;
			sourceTree = "<group>";
		};
		4D2C18B01C12911500C37D79 /* LaunchScreen.storyboard */ = {
			isa = PBXVariantGroup;
			children = (
				4D2C18B11C12911500C37D79 /* Base */,
			);
			name = LaunchScreen.storyboard;
			sourceTree = "<group>";
		};
		4D2C18BB1C12911500C37D79 /* Interface.storyboard */ = {
			isa = PBXVariantGroup;
			children = (
				4D2C18BC1C12911500C37D79 /* Base */,
			);
			name = Interface.storyboard;
			sourceTree = "<group>";
		};
/* End PBXVariantGroup section */

/* Begin XCBuildConfiguration section */
		4D2C18D11C12911500C37D79 /* Debug */ = {
			isa = XCBuildConfiguration;
			buildSettings = {
				ALWAYS_SEARCH_USER_PATHS = NO;
				CLANG_CXX_LANGUAGE_STANDARD = "gnu++0x";
				CLANG_CXX_LIBRARY = "libc++";
				CLANG_ENABLE_MODULES = YES;
				CLANG_ENABLE_OBJC_ARC = YES;
				CLANG_WARN_BOOL_CONVERSION = YES;
				CLANG_WARN_CONSTANT_CONVERSION = YES;
				CLANG_WARN_DIRECT_OBJC_ISA_USAGE = YES_ERROR;
				CLANG_WARN_EMPTY_BODY = YES;
				CLANG_WARN_ENUM_CONVERSION = YES;
				CLANG_WARN_INT_CONVERSION = YES;
				CLANG_WARN_OBJC_ROOT_CLASS = YES_ERROR;
				CLANG_WARN_UNREACHABLE_CODE = YES;
				CLANG_WARN__DUPLICATE_METHOD_MATCH = YES;
				"CODE_SIGN_IDENTITY[sdk=iphoneos*]" = "iPhone Developer";
				COPY_PHASE_STRIP = NO;
				DEBUG_INFORMATION_FORMAT = dwarf;
				ENABLE_STRICT_OBJC_MSGSEND = YES;
				ENABLE_TESTABILITY = YES;
				GCC_C_LANGUAGE_STANDARD = gnu99;
				GCC_DYNAMIC_NO_PIC = NO;
				GCC_NO_COMMON_BLOCKS = YES;
				GCC_OPTIMIZATION_LEVEL = 0;
				GCC_PREPROCESSOR_DEFINITIONS = (
					"DEBUG=1",
					"$(inherited)",
				);
				GCC_WARN_64_TO_32_BIT_CONVERSION = YES;
				GCC_WARN_ABOUT_RETURN_TYPE = YES_ERROR;
				GCC_WARN_UNDECLARED_SELECTOR = YES;
				GCC_WARN_UNINITIALIZED_AUTOS = YES_AGGRESSIVE;
				GCC_WARN_UNUSED_FUNCTION = YES;
				GCC_WARN_UNUSED_VARIABLE = YES;
				IPHONEOS_DEPLOYMENT_TARGET = 9.0;
				MTL_ENABLE_DEBUG_INFO = YES;
				ONLY_ACTIVE_ARCH = YES;
				SDKROOT = iphoneos;
				SWIFT_OPTIMIZATION_LEVEL = "-Onone";
			};
			name = Debug;
		};
		4D2C18D21C12911500C37D79 /* Release */ = {
			isa = XCBuildConfiguration;
			buildSettings = {
				ALWAYS_SEARCH_USER_PATHS = NO;
				CLANG_CXX_LANGUAGE_STANDARD = "gnu++0x";
				CLANG_CXX_LIBRARY = "libc++";
				CLANG_ENABLE_MODULES = YES;
				CLANG_ENABLE_OBJC_ARC = YES;
				CLANG_WARN_BOOL_CONVERSION = YES;
				CLANG_WARN_CONSTANT_CONVERSION = YES;
				CLANG_WARN_DIRECT_OBJC_ISA_USAGE = YES_ERROR;
				CLANG_WARN_EMPTY_BODY = YES;
				CLANG_WARN_ENUM_CONVERSION = YES;
				CLANG_WARN_INT_CONVERSION = YES;
				CLANG_WARN_OBJC_ROOT_CLASS = YES_ERROR;
				CLANG_WARN_UNREACHABLE_CODE = YES;
				CLANG_WARN__DUPLICATE_METHOD_MATCH = YES;
				"CODE_SIGN_IDENTITY[sdk=iphoneos*]" = "iPhone Developer";
				COPY_PHASE_STRIP = NO;
				DEBUG_INFORMATION_FORMAT = "dwarf-with-dsym";
				ENABLE_NS_ASSERTIONS = NO;
				ENABLE_STRICT_OBJC_MSGSEND = YES;
				GCC_C_LANGUAGE_STANDARD = gnu99;
				GCC_NO_COMMON_BLOCKS = YES;
				GCC_WARN_64_TO_32_BIT_CONVERSION = YES;
				GCC_WARN_ABOUT_RETURN_TYPE = YES_ERROR;
				GCC_WARN_UNDECLARED_SELECTOR = YES;
				GCC_WARN_UNINITIALIZED_AUTOS = YES_AGGRESSIVE;
				GCC_WARN_UNUSED_FUNCTION = YES;
				GCC_WARN_UNUSED_VARIABLE = YES;
				IPHONEOS_DEPLOYMENT_TARGET = 9.0;
				MTL_ENABLE_DEBUG_INFO = NO;
				SDKROOT = iphoneos;
				VALIDATE_PRODUCT = YES;
			};
			name = Release;
		};
		4D2C18D41C12911500C37D79 /* Debug */ = {
			isa = XCBuildConfiguration;
			buildSettings = {
				CODE_SIGN_ENTITLEMENTS = "Heartbeat WatchKit Extension/Heartbeat WatchKit Extension.entitlements";
				CODE_SIGN_IDENTITY = "iPhone Developer";
				"CODE_SIGN_IDENTITY[sdk=watchos*]" = "iPhone Developer";
				INFOPLIST_FILE = "Heartbeat WatchKit Extension/Info.plist";
				LD_RUNPATH_SEARCH_PATHS = "$(inherited) @executable_path/Frameworks @executable_path/../../Frameworks";
				PRODUCT_BUNDLE_IDENTIFIER = build.watchosapps.Heartbeat.watchkitapp.watchkitextension;
				PRODUCT_NAME = "${TARGET_NAME}";
				PROVISIONING_PROFILE = "";
				SDKROOT = watchos;
				SKIP_INSTALL = YES;
				TARGETED_DEVICE_FAMILY = 4;
				WATCHOS_DEPLOYMENT_TARGET = 2.0;
			};
			name = Debug;
		};
		4D2C18D51C12911500C37D79 /* Release */ = {
			isa = XCBuildConfiguration;
			buildSettings = {
				CODE_SIGN_ENTITLEMENTS = "Heartbeat WatchKit Extension/Heartbeat WatchKit Extension.entitlements";
				CODE_SIGN_IDENTITY = "iPhone Developer";
				"CODE_SIGN_IDENTITY[sdk=watchos*]" = "iPhone Developer";
				INFOPLIST_FILE = "Heartbeat WatchKit Extension/Info.plist";
				LD_RUNPATH_SEARCH_PATHS = "$(inherited) @executable_path/Frameworks @executable_path/../../Frameworks";
				PRODUCT_BUNDLE_IDENTIFIER = build.watchosapps.Heartbeat.watchkitapp.watchkitextension;
				PRODUCT_NAME = "${TARGET_NAME}";
				PROVISIONING_PROFILE = "";
				SDKROOT = watchos;
				SKIP_INSTALL = YES;
				TARGETED_DEVICE_FAMILY = 4;
				WATCHOS_DEPLOYMENT_TARGET = 2.0;
			};
			name = Release;
		};
		4D2C18D81C12911500C37D79 /* Debug */ = {
			isa = XCBuildConfiguration;
			buildSettings = {
				ASSETCATALOG_COMPILER_APPICON_NAME = AppIcon;
				EMBEDDED_CONTENT_CONTAINS_SWIFT = YES;
				IBSC_MODULE = Heartbeat_WatchKit_Extension;
				INFOPLIST_FILE = "Heartbeat WatchKit App/Info.plist";
				PRODUCT_BUNDLE_IDENTIFIER = build.watchosapps.Heartbeat.watchkitapp;
				PRODUCT_NAME = "$(TARGET_NAME)";
				SDKROOT = watchos;
				SKIP_INSTALL = YES;
				TARGETED_DEVICE_FAMILY = 4;
				WATCHOS_DEPLOYMENT_TARGET = 2.0;
			};
			name = Debug;
		};
		4D2C18D91C12911500C37D79 /* Release */ = {
			isa = XCBuildConfiguration;
			buildSettings = {
				ASSETCATALOG_COMPILER_APPICON_NAME = AppIcon;
				EMBEDDED_CONTENT_CONTAINS_SWIFT = YES;
				IBSC_MODULE = Heartbeat_WatchKit_Extension;
				INFOPLIST_FILE = "Heartbeat WatchKit App/Info.plist";
				PRODUCT_BUNDLE_IDENTIFIER = build.watchosapps.Heartbeat.watchkitapp;
				PRODUCT_NAME = "$(TARGET_NAME)";
				SDKROOT = watchos;
				SKIP_INSTALL = YES;
				TARGETED_DEVICE_FAMILY = 4;
				WATCHOS_DEPLOYMENT_TARGET = 2.0;
			};
			name = Release;
		};
		4D2C18DC1C12911500C37D79 /* Debug */ = {
			isa = XCBuildConfiguration;
			buildSettings = {
				ASSETCATALOG_COMPILER_APPICON_NAME = AppIcon;
				INFOPLIST_FILE = Heartbeat/Info.plist;
				LD_RUNPATH_SEARCH_PATHS = "$(inherited) @executable_path/Frameworks";
				PRODUCT_BUNDLE_IDENTIFIER = build.watchosapps.Heartbeat;
				PRODUCT_NAME = "$(TARGET_NAME)";
			};
			name = Debug;
		};
		4D2C18DD1C12911500C37D79 /* Release */ = {
			isa = XCBuildConfiguration;
			buildSettings = {
				ASSETCATALOG_COMPILER_APPICON_NAME = AppIcon;
				INFOPLIST_FILE = Heartbeat/Info.plist;
				LD_RUNPATH_SEARCH_PATHS = "$(inherited) @executable_path/Frameworks";
				PRODUCT_BUNDLE_IDENTIFIER = build.watchosapps.Heartbeat;
				PRODUCT_NAME = "$(TARGET_NAME)";
			};
			name = Release;
		};
/* End XCBuildConfiguration section */

/* Begin XCConfigurationList section */
		4D2C189F1C12911500C37D79 /* Build configuration list for PBXProject "Heartbeat" */ = {
			isa = XCConfigurationList;
			buildConfigurations = (
				4D2C18D11C12911500C37D79 /* Debug */,
				4D2C18D21C12911500C37D79 /* Release */,
			);
			defaultConfigurationIsVisible = 0;
			defaultConfigurationName = Release;
		};
		4D2C18D31C12911500C37D79 /* Build configuration list for PBXNativeTarget "Heartbeat WatchKit Extension" */ = {
			isa = XCConfigurationList;
			buildConfigurations = (
				4D2C18D41C12911500C37D79 /* Debug */,
				4D2C18D51C12911500C37D79 /* Release */,
			);
			defaultConfigurationIsVisible = 0;
		};
		4D2C18D71C12911500C37D79 /* Build configuration list for PBXNativeTarget "Heartbeat WatchKit App" */ = {
			isa = XCConfigurationList;
			buildConfigurations = (
				4D2C18D81C12911500C37D79 /* Debug */,
				4D2C18D91C12911500C37D79 /* Release */,
			);
			defaultConfigurationIsVisible = 0;
		};
		4D2C18DB1C12911500C37D79 /* Build configuration list for PBXNativeTarget "Heartbeat" */ = {
			isa = XCConfigurationList;
			buildConfigurations = (
				4D2C18DC1C12911500C37D79 /* Debug */,
				4D2C18DD1C12911500C37D79 /* Release */,
			);
			defaultConfigurationIsVisible = 0;
		};
/* End XCConfigurationList section */
	};
	rootObject = 4D2C189C1C12911500C37D79 /* Project object */;
}
